// !$*UTF8*$!
{
	archiveVersion = 1;
	classes = {
	};
	objectVersion = 51;
	objects = {

/* Begin PBXBuildFile section */
		1F279CD45751F432222B22B5 /* Pods_danstagramUITests.framework in Frameworks */ = {isa = PBXBuildFile; fileRef = 458EA02E5DB8A25397586473 /* Pods_danstagramUITests.framework */; };
		9EDFD9C9F109B5F7EE5F6B4A /* Pods_danstagram.framework in Frameworks */ = {isa = PBXBuildFile; fileRef = 867CC7138F2415040AB65AC8 /* Pods_danstagram.framework */; };
		A42BE03622D5193E009A7D2A /* LoginViewController.m in Sources */ = {isa = PBXBuildFile; fileRef = A42BE03522D5193E009A7D2A /* LoginViewController.m */; };
		A42BE03A22D52A50009A7D2A /* MainViewController.m in Sources */ = {isa = PBXBuildFile; fileRef = A42BE03922D52A50009A7D2A /* MainViewController.m */; };
		A42BE03D22D54BA2009A7D2A /* GramCell.m in Sources */ = {isa = PBXBuildFile; fileRef = A42BE03C22D54BA2009A7D2A /* GramCell.m */; };
		A42BE04022D55063009A7D2A /* ComposeViewController.m in Sources */ = {isa = PBXBuildFile; fileRef = A42BE03F22D55063009A7D2A /* ComposeViewController.m */; };
		A42BE04322D67B55009A7D2A /* Post.m in Sources */ = {isa = PBXBuildFile; fileRef = A42BE04222D67B55009A7D2A /* Post.m */; };
		A42BE04622D6B37E009A7D2A /* DetailsViewController.m in Sources */ = {isa = PBXBuildFile; fileRef = A42BE04522D6B37E009A7D2A /* DetailsViewController.m */; };
		A4C50E3322D3FB9300D97C3E /* AppDelegate.m in Sources */ = {isa = PBXBuildFile; fileRef = A4C50E3222D3FB9300D97C3E /* AppDelegate.m */; };
		A4C50E3622D3FB9300D97C3E /* ViewController.m in Sources */ = {isa = PBXBuildFile; fileRef = A4C50E3522D3FB9300D97C3E /* ViewController.m */; };
		A4C50E3922D3FB9300D97C3E /* Main.storyboard in Resources */ = {isa = PBXBuildFile; fileRef = A4C50E3722D3FB9300D97C3E /* Main.storyboard */; };
		A4C50E3B22D3FB9400D97C3E /* Assets.xcassets in Resources */ = {isa = PBXBuildFile; fileRef = A4C50E3A22D3FB9400D97C3E /* Assets.xcassets */; };
		A4C50E3E22D3FB9400D97C3E /* LaunchScreen.storyboard in Resources */ = {isa = PBXBuildFile; fileRef = A4C50E3C22D3FB9400D97C3E /* LaunchScreen.storyboard */; };
		A4C50E4122D3FB9400D97C3E /* main.m in Sources */ = {isa = PBXBuildFile; fileRef = A4C50E4022D3FB9400D97C3E /* main.m */; };
		A4C50E4B22D3FB9500D97C3E /* danstagramTests.m in Sources */ = {isa = PBXBuildFile; fileRef = A4C50E4A22D3FB9500D97C3E /* danstagramTests.m */; };
		A4C50E5622D3FB9500D97C3E /* danstagramUITests.m in Sources */ = {isa = PBXBuildFile; fileRef = A4C50E5522D3FB9500D97C3E /* danstagramUITests.m */; };
		D0CCA6989BFC05989D056AD6 /* Pods_danstagramTests.framework in Frameworks */ = {isa = PBXBuildFile; fileRef = 09444939FA859B6AFFACB6B1 /* Pods_danstagramTests.framework */; };
/* End PBXBuildFile section */

/* Begin PBXContainerItemProxy section */
		A4C50E4722D3FB9500D97C3E /* PBXContainerItemProxy */ = {
			isa = PBXContainerItemProxy;
			containerPortal = A4C50E2622D3FB9300D97C3E /* Project object */;
			proxyType = 1;
			remoteGlobalIDString = A4C50E2D22D3FB9300D97C3E;
			remoteInfo = danstagram;
		};
		A4C50E5222D3FB9500D97C3E /* PBXContainerItemProxy */ = {
			isa = PBXContainerItemProxy;
			containerPortal = A4C50E2622D3FB9300D97C3E /* Project object */;
			proxyType = 1;
			remoteGlobalIDString = A4C50E2D22D3FB9300D97C3E;
			remoteInfo = danstagram;
		};
/* End PBXContainerItemProxy section */

/* Begin PBXFileReference section */
		0012793764D06D5F7B3857AF /* Pods-danstagram.debug.xcconfig */ = {isa = PBXFileReference; includeInIndex = 1; lastKnownFileType = text.xcconfig; name = "Pods-danstagram.debug.xcconfig"; path = "Target Support Files/Pods-danstagram/Pods-danstagram.debug.xcconfig"; sourceTree = "<group>"; };
		09444939FA859B6AFFACB6B1 /* Pods_danstagramTests.framework */ = {isa = PBXFileReference; explicitFileType = wrapper.framework; includeInIndex = 0; path = Pods_danstagramTests.framework; sourceTree = BUILT_PRODUCTS_DIR; };
		458EA02E5DB8A25397586473 /* Pods_danstagramUITests.framework */ = {isa = PBXFileReference; explicitFileType = wrapper.framework; includeInIndex = 0; path = Pods_danstagramUITests.framework; sourceTree = BUILT_PRODUCTS_DIR; };
		850FB22ABB96F4F10C8F3C0D /* Pods-danstagramUITests.debug.xcconfig */ = {isa = PBXFileReference; includeInIndex = 1; lastKnownFileType = text.xcconfig; name = "Pods-danstagramUITests.debug.xcconfig"; path = "Target Support Files/Pods-danstagramUITests/Pods-danstagramUITests.debug.xcconfig"; sourceTree = "<group>"; };
		867CC7138F2415040AB65AC8 /* Pods_danstagram.framework */ = {isa = PBXFileReference; explicitFileType = wrapper.framework; includeInIndex = 0; path = Pods_danstagram.framework; sourceTree = BUILT_PRODUCTS_DIR; };
		9083FCE3B301231BB1E5C8C2 /* Pods-danstagramUITests.release.xcconfig */ = {isa = PBXFileReference; includeInIndex = 1; lastKnownFileType = text.xcconfig; name = "Pods-danstagramUITests.release.xcconfig"; path = "Target Support Files/Pods-danstagramUITests/Pods-danstagramUITests.release.xcconfig"; sourceTree = "<group>"; };
		92D5B54EDBA303164C173F01 /* Pods-danstagram.release.xcconfig */ = {isa = PBXFileReference; includeInIndex = 1; lastKnownFileType = text.xcconfig; name = "Pods-danstagram.release.xcconfig"; path = "Target Support Files/Pods-danstagram/Pods-danstagram.release.xcconfig"; sourceTree = "<group>"; };
		A42BE03422D5193E009A7D2A /* LoginViewController.h */ = {isa = PBXFileReference; lastKnownFileType = sourcecode.c.h; path = LoginViewController.h; sourceTree = "<group>"; };
		A42BE03522D5193E009A7D2A /* LoginViewController.m */ = {isa = PBXFileReference; lastKnownFileType = sourcecode.c.objc; path = LoginViewController.m; sourceTree = "<group>"; };
		A42BE03822D52A50009A7D2A /* MainViewController.h */ = {isa = PBXFileReference; lastKnownFileType = sourcecode.c.h; path = MainViewController.h; sourceTree = "<group>"; };
		A42BE03922D52A50009A7D2A /* MainViewController.m */ = {isa = PBXFileReference; lastKnownFileType = sourcecode.c.objc; path = MainViewController.m; sourceTree = "<group>"; };
		A42BE03B22D54BA2009A7D2A /* GramCell.h */ = {isa = PBXFileReference; lastKnownFileType = sourcecode.c.h; path = GramCell.h; sourceTree = "<group>"; };
		A42BE03C22D54BA2009A7D2A /* GramCell.m */ = {isa = PBXFileReference; lastKnownFileType = sourcecode.c.objc; path = GramCell.m; sourceTree = "<group>"; };
		A42BE03E22D55063009A7D2A /* ComposeViewController.h */ = {isa = PBXFileReference; lastKnownFileType = sourcecode.c.h; path = ComposeViewController.h; sourceTree = "<group>"; };
		A42BE03F22D55063009A7D2A /* ComposeViewController.m */ = {isa = PBXFileReference; lastKnownFileType = sourcecode.c.objc; path = ComposeViewController.m; sourceTree = "<group>"; };
		A42BE04122D67B55009A7D2A /* Post.h */ = {isa = PBXFileReference; lastKnownFileType = sourcecode.c.h; path = Post.h; sourceTree = "<group>"; };
		A42BE04222D67B55009A7D2A /* Post.m */ = {isa = PBXFileReference; lastKnownFileType = sourcecode.c.objc; path = Post.m; sourceTree = "<group>"; };
		A42BE04422D6B37E009A7D2A /* DetailsViewController.h */ = {isa = PBXFileReference; lastKnownFileType = sourcecode.c.h; path = DetailsViewController.h; sourceTree = "<group>"; };
		A42BE04522D6B37E009A7D2A /* DetailsViewController.m */ = {isa = PBXFileReference; lastKnownFileType = sourcecode.c.objc; path = DetailsViewController.m; sourceTree = "<group>"; };
		A4C50E2E22D3FB9300D97C3E /* danstagram.app */ = {isa = PBXFileReference; explicitFileType = wrapper.application; includeInIndex = 0; path = danstagram.app; sourceTree = BUILT_PRODUCTS_DIR; };
		A4C50E3122D3FB9300D97C3E /* AppDelegate.h */ = {isa = PBXFileReference; lastKnownFileType = sourcecode.c.h; path = AppDelegate.h; sourceTree = "<group>"; };
		A4C50E3222D3FB9300D97C3E /* AppDelegate.m */ = {isa = PBXFileReference; lastKnownFileType = sourcecode.c.objc; path = AppDelegate.m; sourceTree = "<group>"; };
		A4C50E3422D3FB9300D97C3E /* ViewController.h */ = {isa = PBXFileReference; lastKnownFileType = sourcecode.c.h; path = ViewController.h; sourceTree = "<group>"; };
		A4C50E3522D3FB9300D97C3E /* ViewController.m */ = {isa = PBXFileReference; lastKnownFileType = sourcecode.c.objc; path = ViewController.m; sourceTree = "<group>"; };
		A4C50E3822D3FB9300D97C3E /* Base */ = {isa = PBXFileReference; lastKnownFileType = file.storyboard; name = Base; path = Base.lproj/Main.storyboard; sourceTree = "<group>"; };
		A4C50E3A22D3FB9400D97C3E /* Assets.xcassets */ = {isa = PBXFileReference; lastKnownFileType = folder.assetcatalog; path = Assets.xcassets; sourceTree = "<group>"; };
		A4C50E3D22D3FB9400D97C3E /* Base */ = {isa = PBXFileReference; lastKnownFileType = file.storyboard; name = Base; path = Base.lproj/LaunchScreen.storyboard; sourceTree = "<group>"; };
		A4C50E3F22D3FB9400D97C3E /* Info.plist */ = {isa = PBXFileReference; lastKnownFileType = text.plist.xml; path = Info.plist; sourceTree = "<group>"; };
		A4C50E4022D3FB9400D97C3E /* main.m */ = {isa = PBXFileReference; lastKnownFileType = sourcecode.c.objc; path = main.m; sourceTree = "<group>"; };
		A4C50E4622D3FB9500D97C3E /* danstagramTests.xctest */ = {isa = PBXFileReference; explicitFileType = wrapper.cfbundle; includeInIndex = 0; path = danstagramTests.xctest; sourceTree = BUILT_PRODUCTS_DIR; };
		A4C50E4A22D3FB9500D97C3E /* danstagramTests.m */ = {isa = PBXFileReference; lastKnownFileType = sourcecode.c.objc; path = danstagramTests.m; sourceTree = "<group>"; };
		A4C50E4C22D3FB9500D97C3E /* Info.plist */ = {isa = PBXFileReference; lastKnownFileType = text.plist.xml; path = Info.plist; sourceTree = "<group>"; };
		A4C50E5122D3FB9500D97C3E /* danstagramUITests.xctest */ = {isa = PBXFileReference; explicitFileType = wrapper.cfbundle; includeInIndex = 0; path = danstagramUITests.xctest; sourceTree = BUILT_PRODUCTS_DIR; };
		A4C50E5522D3FB9500D97C3E /* danstagramUITests.m */ = {isa = PBXFileReference; lastKnownFileType = sourcecode.c.objc; path = danstagramUITests.m; sourceTree = "<group>"; };
		A4C50E5722D3FB9500D97C3E /* Info.plist */ = {isa = PBXFileReference; lastKnownFileType = text.plist.xml; path = Info.plist; sourceTree = "<group>"; };
		E64D21367F8C77F8C952728F /* Pods-danstagramTests.debug.xcconfig */ = {isa = PBXFileReference; includeInIndex = 1; lastKnownFileType = text.xcconfig; name = "Pods-danstagramTests.debug.xcconfig"; path = "Target Support Files/Pods-danstagramTests/Pods-danstagramTests.debug.xcconfig"; sourceTree = "<group>"; };
		F27B094F54FA150A27703E7E /* Pods-danstagramTests.release.xcconfig */ = {isa = PBXFileReference; includeInIndex = 1; lastKnownFileType = text.xcconfig; name = "Pods-danstagramTests.release.xcconfig"; path = "Target Support Files/Pods-danstagramTests/Pods-danstagramTests.release.xcconfig"; sourceTree = "<group>"; };
/* End PBXFileReference section */

/* Begin PBXFrameworksBuildPhase section */
		A4C50E2B22D3FB9300D97C3E /* Frameworks */ = {
			isa = PBXFrameworksBuildPhase;
			buildActionMask = 2147483647;
			files = (
				9EDFD9C9F109B5F7EE5F6B4A /* Pods_danstagram.framework in Frameworks */,
			);
			runOnlyForDeploymentPostprocessing = 0;
		};
		A4C50E4322D3FB9500D97C3E /* Frameworks */ = {
			isa = PBXFrameworksBuildPhase;
			buildActionMask = 2147483647;
			files = (
				D0CCA6989BFC05989D056AD6 /* Pods_danstagramTests.framework in Frameworks */,
			);
			runOnlyForDeploymentPostprocessing = 0;
		};
		A4C50E4E22D3FB9500D97C3E /* Frameworks */ = {
			isa = PBXFrameworksBuildPhase;
			buildActionMask = 2147483647;
			files = (
				1F279CD45751F432222B22B5 /* Pods_danstagramUITests.framework in Frameworks */,
			);
			runOnlyForDeploymentPostprocessing = 0;
		};
/* End PBXFrameworksBuildPhase section */

/* Begin PBXGroup section */
		1CFCBF1D3B31C50C401A668A /* Pods */ = {
			isa = PBXGroup;
			children = (
				0012793764D06D5F7B3857AF /* Pods-danstagram.debug.xcconfig */,
				92D5B54EDBA303164C173F01 /* Pods-danstagram.release.xcconfig */,
				E64D21367F8C77F8C952728F /* Pods-danstagramTests.debug.xcconfig */,
				F27B094F54FA150A27703E7E /* Pods-danstagramTests.release.xcconfig */,
				850FB22ABB96F4F10C8F3C0D /* Pods-danstagramUITests.debug.xcconfig */,
				9083FCE3B301231BB1E5C8C2 /* Pods-danstagramUITests.release.xcconfig */,
			);
			path = Pods;
			sourceTree = "<group>";
		};
		79269BEEF47157CF35DA1011 /* Frameworks */ = {
			isa = PBXGroup;
			children = (
				867CC7138F2415040AB65AC8 /* Pods_danstagram.framework */,
				09444939FA859B6AFFACB6B1 /* Pods_danstagramTests.framework */,
				458EA02E5DB8A25397586473 /* Pods_danstagramUITests.framework */,
			);
			name = Frameworks;
			sourceTree = "<group>";
		};
		A42BE03322D41525009A7D2A /* Photos */ = {
			isa = PBXGroup;
			children = (
				A42BE03722D51947009A7D2A /* ViewControllers */,
			);
			path = Photos;
			sourceTree = "<group>";
		};
		A42BE03722D51947009A7D2A /* ViewControllers */ = {
			isa = PBXGroup;
			children = (
				A4C50E3422D3FB9300D97C3E /* ViewController.h */,
				A4C50E3522D3FB9300D97C3E /* ViewController.m */,
				A42BE03422D5193E009A7D2A /* LoginViewController.h */,
				A42BE03522D5193E009A7D2A /* LoginViewController.m */,
				A42BE03E22D55063009A7D2A /* ComposeViewController.h */,
				A42BE03F22D55063009A7D2A /* ComposeViewController.m */,
				A42BE03822D52A50009A7D2A /* MainViewController.h */,
				A42BE03922D52A50009A7D2A /* MainViewController.m */,
				A42BE04422D6B37E009A7D2A /* DetailsViewController.h */,
				A42BE04522D6B37E009A7D2A /* DetailsViewController.m */,
				A42BE04122D67B55009A7D2A /* Post.h */,
				A42BE04222D67B55009A7D2A /* Post.m */,
			);
			path = ViewControllers;
			sourceTree = "<group>";
		};
		A4C50E2522D3FB9300D97C3E = {
			isa = PBXGroup;
			children = (
				A4C50E3022D3FB9300D97C3E /* danstagram */,
				A4C50E4922D3FB9500D97C3E /* danstagramTests */,
				A4C50E5422D3FB9500D97C3E /* danstagramUITests */,
				A4C50E2F22D3FB9300D97C3E /* Products */,
				1CFCBF1D3B31C50C401A668A /* Pods */,
				79269BEEF47157CF35DA1011 /* Frameworks */,
			);
			sourceTree = "<group>";
		};
		A4C50E2F22D3FB9300D97C3E /* Products */ = {
			isa = PBXGroup;
			children = (
				A4C50E2E22D3FB9300D97C3E /* danstagram.app */,
				A4C50E4622D3FB9500D97C3E /* danstagramTests.xctest */,
				A4C50E5122D3FB9500D97C3E /* danstagramUITests.xctest */,
			);
			name = Products;
			sourceTree = "<group>";
		};
		A4C50E3022D3FB9300D97C3E /* danstagram */ = {
			isa = PBXGroup;
			children = (
				A42BE03322D41525009A7D2A /* Photos */,
				A4C50E3122D3FB9300D97C3E /* AppDelegate.h */,
				A4C50E3222D3FB9300D97C3E /* AppDelegate.m */,
				A4C50E3722D3FB9300D97C3E /* Main.storyboard */,
				A42BE03B22D54BA2009A7D2A /* GramCell.h */,
				A42BE03C22D54BA2009A7D2A /* GramCell.m */,
				A4C50E3A22D3FB9400D97C3E /* Assets.xcassets */,
				A4C50E3C22D3FB9400D97C3E /* LaunchScreen.storyboard */,
				A4C50E3F22D3FB9400D97C3E /* Info.plist */,
				A4C50E4022D3FB9400D97C3E /* main.m */,
			);
			path = danstagram;
			sourceTree = "<group>";
		};
		A4C50E4922D3FB9500D97C3E /* danstagramTests */ = {
			isa = PBXGroup;
			children = (
				A4C50E4A22D3FB9500D97C3E /* danstagramTests.m */,
				A4C50E4C22D3FB9500D97C3E /* Info.plist */,
			);
			path = danstagramTests;
			sourceTree = "<group>";
		};
		A4C50E5422D3FB9500D97C3E /* danstagramUITests */ = {
			isa = PBXGroup;
			children = (
				A4C50E5522D3FB9500D97C3E /* danstagramUITests.m */,
				A4C50E5722D3FB9500D97C3E /* Info.plist */,
			);
			path = danstagramUITests;
			sourceTree = "<group>";
		};
/* End PBXGroup section */

/* Begin PBXNativeTarget section */
		A4C50E2D22D3FB9300D97C3E /* danstagram */ = {
			isa = PBXNativeTarget;
			buildConfigurationList = A4C50E5A22D3FB9500D97C3E /* Build configuration list for PBXNativeTarget "danstagram" */;
			buildPhases = (
				56F675BCB6F02A1732AA1CF0 /* [CP] Check Pods Manifest.lock */,
				A4C50E2A22D3FB9300D97C3E /* Sources */,
				A4C50E2B22D3FB9300D97C3E /* Frameworks */,
				A4C50E2C22D3FB9300D97C3E /* Resources */,
				5710E5CDA73BBF2E7DA2DD57 /* [CP] Embed Pods Frameworks */,
			);
			buildRules = (
			);
			dependencies = (
			);
			name = danstagram;
			productName = danstagram;
			productReference = A4C50E2E22D3FB9300D97C3E /* danstagram.app */;
			productType = "com.apple.product-type.application";
		};
		A4C50E4522D3FB9500D97C3E /* danstagramTests */ = {
			isa = PBXNativeTarget;
			buildConfigurationList = A4C50E5D22D3FB9500D97C3E /* Build configuration list for PBXNativeTarget "danstagramTests" */;
			buildPhases = (
				DEEB58755F1570225A5E6B5B /* [CP] Check Pods Manifest.lock */,
				A4C50E4222D3FB9500D97C3E /* Sources */,
				A4C50E4322D3FB9500D97C3E /* Frameworks */,
				A4C50E4422D3FB9500D97C3E /* Resources */,
			);
			buildRules = (
			);
			dependencies = (
				A4C50E4822D3FB9500D97C3E /* PBXTargetDependency */,
			);
			name = danstagramTests;
			productName = danstagramTests;
			productReference = A4C50E4622D3FB9500D97C3E /* danstagramTests.xctest */;
			productType = "com.apple.product-type.bundle.unit-test";
		};
		A4C50E5022D3FB9500D97C3E /* danstagramUITests */ = {
			isa = PBXNativeTarget;
			buildConfigurationList = A4C50E6022D3FB9500D97C3E /* Build configuration list for PBXNativeTarget "danstagramUITests" */;
			buildPhases = (
				D7F801BA1E2B8461FFD84D09 /* [CP] Check Pods Manifest.lock */,
				A4C50E4D22D3FB9500D97C3E /* Sources */,
				A4C50E4E22D3FB9500D97C3E /* Frameworks */,
				A4C50E4F22D3FB9500D97C3E /* Resources */,
			);
			buildRules = (
			);
			dependencies = (
				A4C50E5322D3FB9500D97C3E /* PBXTargetDependency */,
			);
			name = danstagramUITests;
			productName = danstagramUITests;
			productReference = A4C50E5122D3FB9500D97C3E /* danstagramUITests.xctest */;
			productType = "com.apple.product-type.bundle.ui-testing";
		};
/* End PBXNativeTarget section */

/* Begin PBXProject section */
		A4C50E2622D3FB9300D97C3E /* Project object */ = {
			isa = PBXProject;
			attributes = {
				LastUpgradeCheck = 1020;
				ORGANIZATIONNAME = danielavila;
				TargetAttributes = {
					A4C50E2D22D3FB9300D97C3E = {
						CreatedOnToolsVersion = 10.2.1;
					};
					A4C50E4522D3FB9500D97C3E = {
						CreatedOnToolsVersion = 10.2.1;
						TestTargetID = A4C50E2D22D3FB9300D97C3E;
					};
					A4C50E5022D3FB9500D97C3E = {
						CreatedOnToolsVersion = 10.2.1;
						TestTargetID = A4C50E2D22D3FB9300D97C3E;
					};
				};
			};
			buildConfigurationList = A4C50E2922D3FB9300D97C3E /* Build configuration list for PBXProject "danstagram" */;
			compatibilityVersion = "Xcode 9.3";
			developmentRegion = en;
			hasScannedForEncodings = 0;
			knownRegions = (
				en,
				Base,
			);
			mainGroup = A4C50E2522D3FB9300D97C3E;
			productRefGroup = A4C50E2F22D3FB9300D97C3E /* Products */;
			projectDirPath = "";
			projectRoot = "";
			targets = (
				A4C50E2D22D3FB9300D97C3E /* danstagram */,
				A4C50E4522D3FB9500D97C3E /* danstagramTests */,
				A4C50E5022D3FB9500D97C3E /* danstagramUITests */,
			);
		};
/* End PBXProject section */

/* Begin PBXResourcesBuildPhase section */
		A4C50E2C22D3FB9300D97C3E /* Resources */ = {
			isa = PBXResourcesBuildPhase;
			buildActionMask = 2147483647;
			files = (
				A4C50E3E22D3FB9400D97C3E /* LaunchScreen.storyboard in Resources */,
				A4C50E3B22D3FB9400D97C3E /* Assets.xcassets in Resources */,
				A4C50E3922D3FB9300D97C3E /* Main.storyboard in Resources */,
			);
			runOnlyForDeploymentPostprocessing = 0;
		};
		A4C50E4422D3FB9500D97C3E /* Resources */ = {
			isa = PBXResourcesBuildPhase;
			buildActionMask = 2147483647;
			files = (
			);
			runOnlyForDeploymentPostprocessing = 0;
		};
		A4C50E4F22D3FB9500D97C3E /* Resources */ = {
			isa = PBXResourcesBuildPhase;
			buildActionMask = 2147483647;
			files = (
			);
			runOnlyForDeploymentPostprocessing = 0;
		};
/* End PBXResourcesBuildPhase section */

/* Begin PBXShellScriptBuildPhase section */
		56F675BCB6F02A1732AA1CF0 /* [CP] Check Pods Manifest.lock */ = {
			isa = PBXShellScriptBuildPhase;
			buildActionMask = 2147483647;
			files = (
			);
			inputFileListPaths = (
			);
			inputPaths = (
				"${PODS_PODFILE_DIR_PATH}/Podfile.lock",
				"${PODS_ROOT}/Manifest.lock",
			);
			name = "[CP] Check Pods Manifest.lock";
			outputFileListPaths = (
			);
			outputPaths = (
				"$(DERIVED_FILE_DIR)/Pods-danstagram-checkManifestLockResult.txt",
			);
			runOnlyForDeploymentPostprocessing = 0;
			shellPath = /bin/sh;
			shellScript = "diff \"${PODS_PODFILE_DIR_PATH}/Podfile.lock\" \"${PODS_ROOT}/Manifest.lock\" > /dev/null\nif [ $? != 0 ] ; then\n    # print error to STDERR\n    echo \"error: The sandbox is not in sync with the Podfile.lock. Run 'pod install' or update your CocoaPods installation.\" >&2\n    exit 1\nfi\n# This output is used by Xcode 'outputs' to avoid re-running this script phase.\necho \"SUCCESS\" > \"${SCRIPT_OUTPUT_FILE_0}\"\n";
			showEnvVarsInLog = 0;
		};
		5710E5CDA73BBF2E7DA2DD57 /* [CP] Embed Pods Frameworks */ = {
			isa = PBXShellScriptBuildPhase;
			buildActionMask = 2147483647;
			files = (
			);
			inputFileListPaths = (
				"${PODS_ROOT}/Target Support Files/Pods-danstagram/Pods-danstagram-frameworks-${CONFIGURATION}-input-files.xcfilelist",
			);
			name = "[CP] Embed Pods Frameworks";
			outputFileListPaths = (
				"${PODS_ROOT}/Target Support Files/Pods-danstagram/Pods-danstagram-frameworks-${CONFIGURATION}-output-files.xcfilelist",
			);
			runOnlyForDeploymentPostprocessing = 0;
			shellPath = /bin/sh;
			shellScript = "\"${PODS_ROOT}/Target Support Files/Pods-danstagram/Pods-danstagram-frameworks.sh\"\n";
			showEnvVarsInLog = 0;
		};
		D7F801BA1E2B8461FFD84D09 /* [CP] Check Pods Manifest.lock */ = {
			isa = PBXShellScriptBuildPhase;
			buildActionMask = 2147483647;
			files = (
			);
			inputFileListPaths = (
			);
			inputPaths = (
				"${PODS_PODFILE_DIR_PATH}/Podfile.lock",
				"${PODS_ROOT}/Manifest.lock",
			);
			name = "[CP] Check Pods Manifest.lock";
			outputFileListPaths = (
			);
			outputPaths = (
				"$(DERIVED_FILE_DIR)/Pods-danstagramUITests-checkManifestLockResult.txt",
			);
			runOnlyForDeploymentPostprocessing = 0;
			shellPath = /bin/sh;
			shellScript = "diff \"${PODS_PODFILE_DIR_PATH}/Podfile.lock\" \"${PODS_ROOT}/Manifest.lock\" > /dev/null\nif [ $? != 0 ] ; then\n    # print error to STDERR\n    echo \"error: The sandbox is not in sync with the Podfile.lock. Run 'pod install' or update your CocoaPods installation.\" >&2\n    exit 1\nfi\n# This output is used by Xcode 'outputs' to avoid re-running this script phase.\necho \"SUCCESS\" > \"${SCRIPT_OUTPUT_FILE_0}\"\n";
			showEnvVarsInLog = 0;
		};
		DEEB58755F1570225A5E6B5B /* [CP] Check Pods Manifest.lock */ = {
			isa = PBXShellScriptBuildPhase;
			buildActionMask = 2147483647;
			files = (
			);
			inputFileListPaths = (
			);
			inputPaths = (
				"${PODS_PODFILE_DIR_PATH}/Podfile.lock",
				"${PODS_ROOT}/Manifest.lock",
			);
			name = "[CP] Check Pods Manifest.lock";
			outputFileListPaths = (
			);
			outputPaths = (
				"$(DERIVED_FILE_DIR)/Pods-danstagramTests-checkManifestLockResult.txt",
			);
			runOnlyForDeploymentPostprocessing = 0;
			shellPath = /bin/sh;
			shellScript = "diff \"${PODS_PODFILE_DIR_PATH}/Podfile.lock\" \"${PODS_ROOT}/Manifest.lock\" > /dev/null\nif [ $? != 0 ] ; then\n    # print error to STDERR\n    echo \"error: The sandbox is not in sync with the Podfile.lock. Run 'pod install' or update your CocoaPods installation.\" >&2\n    exit 1\nfi\n# This output is used by Xcode 'outputs' to avoid re-running this script phase.\necho \"SUCCESS\" > \"${SCRIPT_OUTPUT_FILE_0}\"\n";
			showEnvVarsInLog = 0;
		};
/* End PBXShellScriptBuildPhase section */

/* Begin PBXSourcesBuildPhase section */
		A4C50E2A22D3FB9300D97C3E /* Sources */ = {
			isa = PBXSourcesBuildPhase;
			buildActionMask = 2147483647;
			files = (
				A42BE03622D5193E009A7D2A /* LoginViewController.m in Sources */,
				A4C50E3622D3FB9300D97C3E /* ViewController.m in Sources */,
				A42BE03D22D54BA2009A7D2A /* GramCell.m in Sources */,
				A4C50E4122D3FB9400D97C3E /* main.m in Sources */,
				A42BE04022D55063009A7D2A /* ComposeViewController.m in Sources */,
				A42BE03A22D52A50009A7D2A /* MainViewController.m in Sources */,
				A42BE04622D6B37E009A7D2A /* DetailsViewController.m in Sources */,
				A4C50E3322D3FB9300D97C3E /* AppDelegate.m in Sources */,
				A42BE04322D67B55009A7D2A /* Post.m in Sources */,
			);
			runOnlyForDeploymentPostprocessing = 0;
		};
		A4C50E4222D3FB9500D97C3E /* Sources */ = {
			isa = PBXSourcesBuildPhase;
			buildActionMask = 2147483647;
			files = (
				A4C50E4B22D3FB9500D97C3E /* danstagramTests.m in Sources */,
			);
			runOnlyForDeploymentPostprocessing = 0;
		};
		A4C50E4D22D3FB9500D97C3E /* Sources */ = {
			isa = PBXSourcesBuildPhase;
			buildActionMask = 2147483647;
			files = (
				A4C50E5622D3FB9500D97C3E /* danstagramUITests.m in Sources */,
			);
			runOnlyForDeploymentPostprocessing = 0;
		};
/* End PBXSourcesBuildPhase section */

/* Begin PBXTargetDependency section */
		A4C50E4822D3FB9500D97C3E /* PBXTargetDependency */ = {
			isa = PBXTargetDependency;
			target = A4C50E2D22D3FB9300D97C3E /* danstagram */;
			targetProxy = A4C50E4722D3FB9500D97C3E /* PBXContainerItemProxy */;
		};
		A4C50E5322D3FB9500D97C3E /* PBXTargetDependency */ = {
			isa = PBXTargetDependency;
			target = A4C50E2D22D3FB9300D97C3E /* danstagram */;
			targetProxy = A4C50E5222D3FB9500D97C3E /* PBXContainerItemProxy */;
		};
/* End PBXTargetDependency section */

/* Begin PBXVariantGroup section */
		A4C50E3722D3FB9300D97C3E /* Main.storyboard */ = {
			isa = PBXVariantGroup;
			children = (
				A4C50E3822D3FB9300D97C3E /* Base */,
			);
			name = Main.storyboard;
			sourceTree = "<group>";
		};
		A4C50E3C22D3FB9400D97C3E /* LaunchScreen.storyboard */ = {
			isa = PBXVariantGroup;
			children = (
				A4C50E3D22D3FB9400D97C3E /* Base */,
			);
			name = LaunchScreen.storyboard;
			sourceTree = "<group>";
		};
/* End PBXVariantGroup section */

/* Begin XCBuildConfiguration section */
		A4C50E5822D3FB9500D97C3E /* Debug */ = {
			isa = XCBuildConfiguration;
			buildSettings = {
				ALWAYS_SEARCH_USER_PATHS = NO;
				CLANG_ANALYZER_NONNULL = YES;
				CLANG_ANALYZER_NUMBER_OBJECT_CONVERSION = YES_AGGRESSIVE;
				CLANG_CXX_LANGUAGE_STANDARD = "gnu++14";
				CLANG_CXX_LIBRARY = "libc++";
				CLANG_ENABLE_MODULES = YES;
				CLANG_ENABLE_OBJC_ARC = YES;
				CLANG_ENABLE_OBJC_WEAK = YES;
				CLANG_WARN_BLOCK_CAPTURE_AUTORELEASING = YES;
				CLANG_WARN_BOOL_CONVERSION = YES;
				CLANG_WARN_COMMA = YES;
				CLANG_WARN_CONSTANT_CONVERSION = YES;
				CLANG_WARN_DEPRECATED_OBJC_IMPLEMENTATIONS = YES;
				CLANG_WARN_DIRECT_OBJC_ISA_USAGE = YES_ERROR;
				CLANG_WARN_DOCUMENTATION_COMMENTS = YES;
				CLANG_WARN_EMPTY_BODY = YES;
				CLANG_WARN_ENUM_CONVERSION = YES;
				CLANG_WARN_INFINITE_RECURSION = YES;
				CLANG_WARN_INT_CONVERSION = YES;
				CLANG_WARN_NON_LITERAL_NULL_CONVERSION = YES;
				CLANG_WARN_OBJC_IMPLICIT_RETAIN_SELF = YES;
				CLANG_WARN_OBJC_LITERAL_CONVERSION = YES;
				CLANG_WARN_OBJC_ROOT_CLASS = YES_ERROR;
				CLANG_WARN_RANGE_LOOP_ANALYSIS = YES;
				CLANG_WARN_STRICT_PROTOTYPES = YES;
				CLANG_WARN_SUSPICIOUS_MOVE = YES;
				CLANG_WARN_UNGUARDED_AVAILABILITY = YES_AGGRESSIVE;
				CLANG_WARN_UNREACHABLE_CODE = YES;
				CLANG_WARN__DUPLICATE_METHOD_MATCH = YES;
				CODE_SIGN_IDENTITY = "iPhone Developer";
				COPY_PHASE_STRIP = NO;
				DEBUG_INFORMATION_FORMAT = dwarf;
				ENABLE_STRICT_OBJC_MSGSEND = YES;
				ENABLE_TESTABILITY = YES;
				GCC_C_LANGUAGE_STANDARD = gnu11;
				GCC_DYNAMIC_NO_PIC = NO;
				GCC_NO_COMMON_BLOCKS = YES;
				GCC_OPTIMIZATION_LEVEL = 0;
				GCC_PREPROCESSOR_DEFINITIONS = (
					"DEBUG=1",
					"$(inherited)",
				);
				GCC_WARN_64_TO_32_BIT_CONVERSION = YES;
				GCC_WARN_ABOUT_RETURN_TYPE = YES_ERROR;
				GCC_WARN_UNDECLARED_SELECTOR = YES;
				GCC_WARN_UNINITIALIZED_AUTOS = YES_AGGRESSIVE;
				GCC_WARN_UNUSED_FUNCTION = YES;
				GCC_WARN_UNUSED_VARIABLE = YES;
				IPHONEOS_DEPLOYMENT_TARGET = 12.2;
				MTL_ENABLE_DEBUG_INFO = INCLUDE_SOURCE;
				MTL_FAST_MATH = YES;
				ONLY_ACTIVE_ARCH = YES;
				SDKROOT = iphoneos;
			};
			name = Debug;
		};
		A4C50E5922D3FB9500D97C3E /* Release */ = {
			isa = XCBuildConfiguration;
			buildSettings = {
				ALWAYS_SEARCH_USER_PATHS = NO;
				CLANG_ANALYZER_NONNULL = YES;
				CLANG_ANALYZER_NUMBER_OBJECT_CONVERSION = YES_AGGRESSIVE;
				CLANG_CXX_LANGUAGE_STANDARD = "gnu++14";
				CLANG_CXX_LIBRARY = "libc++";
				CLANG_ENABLE_MODULES = YES;
				CLANG_ENABLE_OBJC_ARC = YES;
				CLANG_ENABLE_OBJC_WEAK = YES;
				CLANG_WARN_BLOCK_CAPTURE_AUTORELEASING = YES;
				CLANG_WARN_BOOL_CONVERSION = YES;
				CLANG_WARN_COMMA = YES;
				CLANG_WARN_CONSTANT_CONVERSION = YES;
				CLANG_WARN_DEPRECATED_OBJC_IMPLEMENTATIONS = YES;
				CLANG_WARN_DIRECT_OBJC_ISA_USAGE = YES_ERROR;
				CLANG_WARN_DOCUMENTATION_COMMENTS = YES;
				CLANG_WARN_EMPTY_BODY = YES;
				CLANG_WARN_ENUM_CONVERSION = YES;
				CLANG_WARN_INFINITE_RECURSION = YES;
				CLANG_WARN_INT_CONVERSION = YES;
				CLANG_WARN_NON_LITERAL_NULL_CONVERSION = YES;
				CLANG_WARN_OBJC_IMPLICIT_RETAIN_SELF = YES;
				CLANG_WARN_OBJC_LITERAL_CONVERSION = YES;
				CLANG_WARN_OBJC_ROOT_CLASS = YES_ERROR;
				CLANG_WARN_RANGE_LOOP_ANALYSIS = YES;
				CLANG_WARN_STRICT_PROTOTYPES = YES;
				CLANG_WARN_SUSPICIOUS_MOVE = YES;
				CLANG_WARN_UNGUARDED_AVAILABILITY = YES_AGGRESSIVE;
				CLANG_WARN_UNREACHABLE_CODE = YES;
				CLANG_WARN__DUPLICATE_METHOD_MATCH = YES;
				CODE_SIGN_IDENTITY = "iPhone Developer";
				COPY_PHASE_STRIP = NO;
				DEBUG_INFORMATION_FORMAT = "dwarf-with-dsym";
				ENABLE_NS_ASSERTIONS = NO;
				ENABLE_STRICT_OBJC_MSGSEND = YES;
				GCC_C_LANGUAGE_STANDARD = gnu11;
				GCC_NO_COMMON_BLOCKS = YES;
				GCC_WARN_64_TO_32_BIT_CONVERSION = YES;
				GCC_WARN_ABOUT_RETURN_TYPE = YES_ERROR;
				GCC_WARN_UNDECLARED_SELECTOR = YES;
				GCC_WARN_UNINITIALIZED_AUTOS = YES_AGGRESSIVE;
				GCC_WARN_UNUSED_FUNCTION = YES;
				GCC_WARN_UNUSED_VARIABLE = YES;
				IPHONEOS_DEPLOYMENT_TARGET = 12.2;
				MTL_ENABLE_DEBUG_INFO = NO;
				MTL_FAST_MATH = YES;
				SDKROOT = iphoneos;
				VALIDATE_PRODUCT = YES;
			};
			name = Release;
		};
		A4C50E5B22D3FB9500D97C3E /* Debug */ = {
			isa = XCBuildConfiguration;
			baseConfigurationReference = 0012793764D06D5F7B3857AF /* Pods-danstagram.debug.xcconfig */;
			buildSettings = {
				ASSETCATALOG_COMPILER_APPICON_NAME = AppIcon;
				CODE_SIGN_STYLE = Automatic;
				DEVELOPMENT_TEAM = 62N42H7N6L;
				INFOPLIST_FILE = danstagram/Info.plist;
				LD_RUNPATH_SEARCH_PATHS = (
					"$(inherited)",
					"@executable_path/Frameworks",
				);
				PRODUCT_BUNDLE_IDENTIFIER = com.danavila1.danstagram;
				PRODUCT_NAME = "$(TARGET_NAME)";
				TARGETED_DEVICE_FAMILY = "1,2";
			};
			name = Debug;
		};
		A4C50E5C22D3FB9500D97C3E /* Release */ = {
			isa = XCBuildConfiguration;
			baseConfigurationReference = 92D5B54EDBA303164C173F01 /* Pods-danstagram.release.xcconfig */;
			buildSettings = {
				ASSETCATALOG_COMPILER_APPICON_NAME = AppIcon;
				CODE_SIGN_STYLE = Automatic;
				DEVELOPMENT_TEAM = 62N42H7N6L;
				INFOPLIST_FILE = danstagram/Info.plist;
				LD_RUNPATH_SEARCH_PATHS = (
					"$(inherited)",
					"@executable_path/Frameworks",
				);
				PRODUCT_BUNDLE_IDENTIFIER = com.danavila1.danstagram;
				PRODUCT_NAME = "$(TARGET_NAME)";
				TARGETED_DEVICE_FAMILY = "1,2";
			};
			name = Release;
		};
		A4C50E5E22D3FB9500D97C3E /* Debug */ = {
			isa = XCBuildConfiguration;
			baseConfigurationReference = E64D21367F8C77F8C952728F /* Pods-danstagramTests.debug.xcconfig */;
			buildSettings = {
				BUNDLE_LOADER = "$(TEST_HOST)";
				CODE_SIGN_STYLE = Automatic;
				DEVELOPMENT_TEAM = 62N42H7N6L;
				INFOPLIST_FILE = danstagramTests/Info.plist;
				LD_RUNPATH_SEARCH_PATHS = (
					"$(inherited)",
					"@executable_path/Frameworks",
					"@loader_path/Frameworks",
				);
				PRODUCT_BUNDLE_IDENTIFIER = com.danavila1.danstagramTests;
				PRODUCT_NAME = "$(TARGET_NAME)";
				TARGETED_DEVICE_FAMILY = "1,2";
				TEST_HOST = "$(BUILT_PRODUCTS_DIR)/danstagram.app/danstagram";
			};
			name = Debug;
		};
		A4C50E5F22D3FB9500D97C3E /* Release */ = {
			isa = XCBuildConfiguration;
			baseConfigurationReference = F27B094F54FA150A27703E7E /* Pods-danstagramTests.release.xcconfig */;
			buildSettings = {
				BUNDLE_LOADER = "$(TEST_HOST)";
				CODE_SIGN_STYLE = Automatic;
				DEVELOPMENT_TEAM = 62N42H7N6L;
				INFOPLIST_FILE = danstagramTests/Info.plist;
				LD_RUNPATH_SEARCH_PATHS = (
					"$(inherited)",
					"@executable_path/Frameworks",
					"@loader_path/Frameworks",
				);
				PRODUCT_BUNDLE_IDENTIFIER = com.danavila1.danstagramTests;
				PRODUCT_NAME = "$(TARGET_NAME)";
				TARGETED_DEVICE_FAMILY = "1,2";
				TEST_HOST = "$(BUILT_PRODUCTS_DIR)/danstagram.app/danstagram";
			};
			name = Release;
		};
		A4C50E6122D3FB9500D97C3E /* Debug */ = {
			isa = XCBuildConfiguration;
			baseConfigurationReference = 850FB22ABB96F4F10C8F3C0D /* Pods-danstagramUITests.debug.xcconfig */;
			buildSettings = {
				CODE_SIGN_STYLE = Automatic;
				DEVELOPMENT_TEAM = 62N42H7N6L;
				INFOPLIST_FILE = danstagramUITests/Info.plist;
				LD_RUNPATH_SEARCH_PATHS = (
					"$(inherited)",
					"@executable_path/Frameworks",
					"@loader_path/Frameworks",
				);
				PRODUCT_BUNDLE_IDENTIFIER = com.danavila1.danstagramUITests;
				PRODUCT_NAME = "$(TARGET_NAME)";
				TARGETED_DEVICE_FAMILY = "1,2";
				TEST_TARGET_NAME = danstagram;
			};
			name = Debug;
		};
		A4C50E6222D3FB9500D97C3E /* Release */ = {
			isa = XCBuildConfiguration;
			baseConfigurationReference = 9083FCE3B301231BB1E5C8C2 /* Pods-danstagramUITests.release.xcconfig */;
			buildSettings = {
				CODE_SIGN_STYLE = Automatic;
				DEVELOPMENT_TEAM = 62N42H7N6L;
				INFOPLIST_FILE = danstagramUITests/Info.plist;
				LD_RUNPATH_SEARCH_PATHS = (
					"$(inherited)",
					"@executable_path/Frameworks",
					"@loader_path/Frameworks",
				);
				PRODUCT_BUNDLE_IDENTIFIER = com.danavila1.danstagramUITests;
				PRODUCT_NAME = "$(TARGET_NAME)";
				TARGETED_DEVICE_FAMILY = "1,2";
				TEST_TARGET_NAME = danstagram;
			};
			name = Release;
		};
/* End XCBuildConfiguration section */

/* Begin XCConfigurationList section */
		A4C50E2922D3FB9300D97C3E /* Build configuration list for PBXProject "danstagram" */ = {
			isa = XCConfigurationList;
			buildConfigurations = (
				A4C50E5822D3FB9500D97C3E /* Debug */,
				A4C50E5922D3FB9500D97C3E /* Release */,
			);
			defaultConfigurationIsVisible = 0;
			defaultConfigurationName = Release;
		};
		A4C50E5A22D3FB9500D97C3E /* Build configuration list for PBXNativeTarget "danstagram" */ = {
			isa = XCConfigurationList;
			buildConfigurations = (
				A4C50E5B22D3FB9500D97C3E /* Debug */,
				A4C50E5C22D3FB9500D97C3E /* Release */,
			);
			defaultConfigurationIsVisible = 0;
			defaultConfigurationName = Release;
		};
		A4C50E5D22D3FB9500D97C3E /* Build configuration list for PBXNativeTarget "danstagramTests" */ = {
			isa = XCConfigurationList;
			buildConfigurations = (
				A4C50E5E22D3FB9500D97C3E /* Debug */,
				A4C50E5F22D3FB9500D97C3E /* Release */,
			);
			defaultConfigurationIsVisible = 0;
			defaultConfigurationName = Release;
		};
		A4C50E6022D3FB9500D97C3E /* Build configuration list for PBXNativeTarget "danstagramUITests" */ = {
			isa = XCConfigurationList;
			buildConfigurations = (
				A4C50E6122D3FB9500D97C3E /* Debug */,
				A4C50E6222D3FB9500D97C3E /* Release */,
			);
			defaultConfigurationIsVisible = 0;
			defaultConfigurationName = Release;
		};
/* End XCConfigurationList section */
	};
	rootObject = A4C50E2622D3FB9300D97C3E /* Project object */;
}
